// !$*UTF8*$!
{
	archiveVersion = 1;
	classes = {
	};
	objectVersion = 56;
	objects = {

/* Begin PBXBuildFile section */
		1BFB1EE5CC854523236F6748 /* Pods_rarelygroovy_rarelygroovyUITests.framework in Frameworks */ = {isa = PBXBuildFile; fileRef = 8C5EBA4BEB7AE8B2192171C9 /* Pods_rarelygroovy_rarelygroovyUITests.framework */; };
		6078A81FA3B2A7B7538BC537 /* Pods_rarelygroovy.framework in Frameworks */ = {isa = PBXBuildFile; fileRef = 282C4786A73BB88BB6CB7208 /* Pods_rarelygroovy.framework */; };
		B71DEC942D99BD3F00B468FA /* LoginView.swift in Sources */ = {isa = PBXBuildFile; fileRef = B71DEC932D99BD3F00B468FA /* LoginView.swift */; };
		B71DEC982D99BD9700B468FA /* ProfileView.swift in Sources */ = {isa = PBXBuildFile; fileRef = B71DEC972D99BD9700B468FA /* ProfileView.swift */; };
		B71DEC9A2D99C2ED00B468FA /* AuthManager.swift in Sources */ = {isa = PBXBuildFile; fileRef = B71DEC992D99C2ED00B468FA /* AuthManager.swift */; };
		B71DEC9C2D9A03C200B468FA /* CustomTabBarController.swift in Sources */ = {isa = PBXBuildFile; fileRef = B71DEC9B2D9A03C200B468FA /* CustomTabBarController.swift */; };
		B71DECA02D9CA93900B468FA /* SignUpView.swift in Sources */ = {isa = PBXBuildFile; fileRef = B71DEC9F2D9CA93900B468FA /* SignUpView.swift */; };
		B71DECA22D9F14B300B468FA /* AddEventView.swift in Sources */ = {isa = PBXBuildFile; fileRef = B71DECA12D9F14B300B468FA /* AddEventView.swift */; };
		B7261FE42D8CC5DE00AD7DD0 /* iconTest.swift in Sources */ = {isa = PBXBuildFile; fileRef = B7261FE32D8CC5DD00AD7DD0 /* iconTest.swift */; };
		B7261FE62D8CCA0000AD7DD0 /* Font Awesome 5 Brands-Regular-400.otf in Resources */ = {isa = PBXBuildFile; fileRef = B7261FE52D8CCA0000AD7DD0 /* Font Awesome 5 Brands-Regular-400.otf */; };
		B74DD89E2DAFF82900B09433 /* Rarelygroovy.storekit in Resources */ = {isa = PBXBuildFile; fileRef = B74DD89D2DAFF82900B09433 /* Rarelygroovy.storekit */; };
		B7918DDC2DAEF2A2009CAFF2 /* StoreKit.framework in Frameworks */ = {isa = PBXBuildFile; fileRef = B7918DDB2DAEF2A2009CAFF2 /* StoreKit.framework */; };
		B7918DDE2DAEF894009CAFF2 /* Store.swift in Sources */ = {isa = PBXBuildFile; fileRef = B7918DDD2DAEF894009CAFF2 /* Store.swift */; };
		B7D498752D8A3482007DC1D7 /* rarelygroovyApp.swift in Sources */ = {isa = PBXBuildFile; fileRef = B7D498742D8A3482007DC1D7 /* rarelygroovyApp.swift */; };
		B7D498772D8A3482007DC1D7 /* ContentView.swift in Sources */ = {isa = PBXBuildFile; fileRef = B7D498762D8A3482007DC1D7 /* ContentView.swift */; };
		B7D498792D8A3484007DC1D7 /* Assets.xcassets in Resources */ = {isa = PBXBuildFile; fileRef = B7D498782D8A3484007DC1D7 /* Assets.xcassets */; };
		B7D4987C2D8A3484007DC1D7 /* Preview Assets.xcassets in Resources */ = {isa = PBXBuildFile; fileRef = B7D4987B2D8A3484007DC1D7 /* Preview Assets.xcassets */; };
		B7D498862D8A3484007DC1D7 /* rarelygroovyTests.swift in Sources */ = {isa = PBXBuildFile; fileRef = B7D498852D8A3484007DC1D7 /* rarelygroovyTests.swift */; };
		B7D498902D8A3484007DC1D7 /* rarelygroovyUITests.swift in Sources */ = {isa = PBXBuildFile; fileRef = B7D4988F2D8A3484007DC1D7 /* rarelygroovyUITests.swift */; };
		B7D498922D8A3484007DC1D7 /* rarelygroovyUITestsLaunchTests.swift in Sources */ = {isa = PBXBuildFile; fileRef = B7D498912D8A3484007DC1D7 /* rarelygroovyUITestsLaunchTests.swift */; };
		B7D4989F2D8A3765007DC1D7 /* Artists.swift in Sources */ = {isa = PBXBuildFile; fileRef = B7D4989E2D8A3765007DC1D7 /* Artists.swift */; };
		B7D498A32D8B62B7007DC1D7 /* ArtistDirectoryViewModel.swift in Sources */ = {isa = PBXBuildFile; fileRef = B7D498A22D8B62B7007DC1D7 /* ArtistDirectoryViewModel.swift */; };
		B7D498A52D8B62ED007DC1D7 /* ArtistDirectoryView.swift in Sources */ = {isa = PBXBuildFile; fileRef = B7D498A42D8B62ED007DC1D7 /* ArtistDirectoryView.swift */; };
		B7F7FF5C2D8DF46600DB3098 /* Font Awesome 6 Brands-Regular-400.otf in Resources */ = {isa = PBXBuildFile; fileRef = B7F7FF5B2D8DED7800DB3098 /* Font Awesome 6 Brands-Regular-400.otf */; };
		B7F7FF5F2D8DF49E00DB3098 /* Font Awesome 6 Free-Regular-400.otf in Resources */ = {isa = PBXBuildFile; fileRef = B7F7FF5D2D8DF49E00DB3098 /* Font Awesome 6 Free-Regular-400.otf */; };
		B7F7FF602D8DF49E00DB3098 /* Font Awesome 6 Free-Solid-900.otf in Resources */ = {isa = PBXBuildFile; fileRef = B7F7FF5E2D8DF49E00DB3098 /* Font Awesome 6 Free-Solid-900.otf */; };
		B7F7FF642D91056000DB3098 /* EventsView.swift in Sources */ = {isa = PBXBuildFile; fileRef = B7F7FF632D91056000DB3098 /* EventsView.swift */; };
		B7F7FF662D91090300DB3098 /* MainTabView.swift in Sources */ = {isa = PBXBuildFile; fileRef = B7F7FF652D91090200DB3098 /* MainTabView.swift */; };
		B7F7FF682D911FAB00DB3098 /* Event.swift in Sources */ = {isa = PBXBuildFile; fileRef = B7F7FF672D911FAB00DB3098 /* Event.swift */; };
		B7F7FF6C2D9120D300DB3098 /* Venue.swift in Sources */ = {isa = PBXBuildFile; fileRef = B7F7FF6B2D9120D300DB3098 /* Venue.swift */; };
		B7F7FF6E2D9122D900DB3098 /* EventUpdate.swift in Sources */ = {isa = PBXBuildFile; fileRef = B7F7FF6D2D9122D900DB3098 /* EventUpdate.swift */; };
		B7F7FF702D91233600DB3098 /* EventsViewModel.swift in Sources */ = {isa = PBXBuildFile; fileRef = B7F7FF6F2D91233600DB3098 /* EventsViewModel.swift */; };
		B7F7FF742D91256300DB3098 /* EventDetailView.swift in Sources */ = {isa = PBXBuildFile; fileRef = B7F7FF732D91256300DB3098 /* EventDetailView.swift */; };
		B7F7FF762D92014500DB3098 /* Promoter.swift in Sources */ = {isa = PBXBuildFile; fileRef = B7F7FF752D92014500DB3098 /* Promoter.swift */; };
		BC351C834E8C20652059A099 /* Pods_rarelygroovyTests.framework in Frameworks */ = {isa = PBXBuildFile; fileRef = 5EDB97BA522C156B08BD705F /* Pods_rarelygroovyTests.framework */; };
/* End PBXBuildFile section */

/* Begin PBXContainerItemProxy section */
		B7D498822D8A3484007DC1D7 /* PBXContainerItemProxy */ = {
			isa = PBXContainerItemProxy;
			containerPortal = B7D498692D8A3481007DC1D7 /* Project object */;
			proxyType = 1;
			remoteGlobalIDString = B7D498702D8A3481007DC1D7;
			remoteInfo = rarelygroovy;
		};
		B7D4988C2D8A3484007DC1D7 /* PBXContainerItemProxy */ = {
			isa = PBXContainerItemProxy;
			containerPortal = B7D498692D8A3481007DC1D7 /* Project object */;
			proxyType = 1;
			remoteGlobalIDString = B7D498702D8A3481007DC1D7;
			remoteInfo = rarelygroovy;
		};
/* End PBXContainerItemProxy section */

/* Begin PBXFileReference section */
		282C4786A73BB88BB6CB7208 /* Pods_rarelygroovy.framework */ = {isa = PBXFileReference; explicitFileType = wrapper.framework; includeInIndex = 0; path = Pods_rarelygroovy.framework; sourceTree = BUILT_PRODUCTS_DIR; };
		5EDB97BA522C156B08BD705F /* Pods_rarelygroovyTests.framework */ = {isa = PBXFileReference; explicitFileType = wrapper.framework; includeInIndex = 0; path = Pods_rarelygroovyTests.framework; sourceTree = BUILT_PRODUCTS_DIR; };
		828614C38D985ECCC76D7634 /* Pods-rarelygroovy-rarelygroovyUITests.debug.xcconfig */ = {isa = PBXFileReference; includeInIndex = 1; lastKnownFileType = text.xcconfig; name = "Pods-rarelygroovy-rarelygroovyUITests.debug.xcconfig"; path = "Target Support Files/Pods-rarelygroovy-rarelygroovyUITests/Pods-rarelygroovy-rarelygroovyUITests.debug.xcconfig"; sourceTree = "<group>"; };
		8C5EBA4BEB7AE8B2192171C9 /* Pods_rarelygroovy_rarelygroovyUITests.framework */ = {isa = PBXFileReference; explicitFileType = wrapper.framework; includeInIndex = 0; path = Pods_rarelygroovy_rarelygroovyUITests.framework; sourceTree = BUILT_PRODUCTS_DIR; };
		B71DEC932D99BD3F00B468FA /* LoginView.swift */ = {isa = PBXFileReference; lastKnownFileType = sourcecode.swift; path = LoginView.swift; sourceTree = "<group>"; };
		B71DEC972D99BD9700B468FA /* ProfileView.swift */ = {isa = PBXFileReference; lastKnownFileType = sourcecode.swift; path = ProfileView.swift; sourceTree = "<group>"; };
		B71DEC992D99C2ED00B468FA /* AuthManager.swift */ = {isa = PBXFileReference; lastKnownFileType = sourcecode.swift; path = AuthManager.swift; sourceTree = "<group>"; };
		B71DEC9B2D9A03C200B468FA /* CustomTabBarController.swift */ = {isa = PBXFileReference; lastKnownFileType = sourcecode.swift; path = CustomTabBarController.swift; sourceTree = "<group>"; };
		B71DEC9F2D9CA93900B468FA /* SignUpView.swift */ = {isa = PBXFileReference; lastKnownFileType = sourcecode.swift; path = SignUpView.swift; sourceTree = "<group>"; };
		B71DECA12D9F14B300B468FA /* AddEventView.swift */ = {isa = PBXFileReference; lastKnownFileType = sourcecode.swift; path = AddEventView.swift; sourceTree = "<group>"; };
		B7261FE32D8CC5DD00AD7DD0 /* iconTest.swift */ = {isa = PBXFileReference; lastKnownFileType = sourcecode.swift; path = iconTest.swift; sourceTree = "<group>"; };
		B7261FE52D8CCA0000AD7DD0 /* Font Awesome 5 Brands-Regular-400.otf */ = {isa = PBXFileReference; lastKnownFileType = file; name = "Font Awesome 5 Brands-Regular-400.otf"; path = "../../Downloads/fontawesome-free-5.15.4-desktop/otfs/Font Awesome 5 Brands-Regular-400.otf"; sourceTree = "<group>"; };
		B7261FE72D8CCCC600AD7DD0 /* Info.plist */ = {isa = PBXFileReference; lastKnownFileType = text.plist.xml; path = Info.plist; sourceTree = "<group>"; };
		B74DD89D2DAFF82900B09433 /* Rarelygroovy.storekit */ = {isa = PBXFileReference; lastKnownFileType = text; path = Rarelygroovy.storekit; sourceTree = "<group>"; };
		B7918DDA2DAD6009009CAFF2 /* rarelygroovy.entitlements */ = {isa = PBXFileReference; lastKnownFileType = text.plist.entitlements; path = rarelygroovy.entitlements; sourceTree = "<group>"; };
		B7918DDB2DAEF2A2009CAFF2 /* StoreKit.framework */ = {isa = PBXFileReference; lastKnownFileType = wrapper.framework; name = StoreKit.framework; path = System/Library/Frameworks/StoreKit.framework; sourceTree = SDKROOT; };
		B7918DDD2DAEF894009CAFF2 /* Store.swift */ = {isa = PBXFileReference; lastKnownFileType = sourcecode.swift; path = Store.swift; sourceTree = "<group>"; };
		B7D498712D8A3481007DC1D7 /* rarelygroovy.app */ = {isa = PBXFileReference; explicitFileType = wrapper.application; includeInIndex = 0; path = rarelygroovy.app; sourceTree = BUILT_PRODUCTS_DIR; };
		B7D498742D8A3482007DC1D7 /* rarelygroovyApp.swift */ = {isa = PBXFileReference; lastKnownFileType = sourcecode.swift; path = rarelygroovyApp.swift; sourceTree = "<group>"; };
		B7D498762D8A3482007DC1D7 /* ContentView.swift */ = {isa = PBXFileReference; lastKnownFileType = sourcecode.swift; path = ContentView.swift; sourceTree = "<group>"; };
		B7D498782D8A3484007DC1D7 /* Assets.xcassets */ = {isa = PBXFileReference; lastKnownFileType = folder.assetcatalog; path = Assets.xcassets; sourceTree = "<group>"; };
		B7D4987B2D8A3484007DC1D7 /* Preview Assets.xcassets */ = {isa = PBXFileReference; lastKnownFileType = folder.assetcatalog; path = "Preview Assets.xcassets"; sourceTree = "<group>"; };
		B7D498812D8A3484007DC1D7 /* rarelygroovyTests.xctest */ = {isa = PBXFileReference; explicitFileType = wrapper.cfbundle; includeInIndex = 0; path = rarelygroovyTests.xctest; sourceTree = BUILT_PRODUCTS_DIR; };
		B7D498852D8A3484007DC1D7 /* rarelygroovyTests.swift */ = {isa = PBXFileReference; lastKnownFileType = sourcecode.swift; path = rarelygroovyTests.swift; sourceTree = "<group>"; };
		B7D4988B2D8A3484007DC1D7 /* rarelygroovyUITests.xctest */ = {isa = PBXFileReference; explicitFileType = wrapper.cfbundle; includeInIndex = 0; path = rarelygroovyUITests.xctest; sourceTree = BUILT_PRODUCTS_DIR; };
		B7D4988F2D8A3484007DC1D7 /* rarelygroovyUITests.swift */ = {isa = PBXFileReference; lastKnownFileType = sourcecode.swift; path = rarelygroovyUITests.swift; sourceTree = "<group>"; };
		B7D498912D8A3484007DC1D7 /* rarelygroovyUITestsLaunchTests.swift */ = {isa = PBXFileReference; lastKnownFileType = sourcecode.swift; path = rarelygroovyUITestsLaunchTests.swift; sourceTree = "<group>"; };
		B7D4989E2D8A3765007DC1D7 /* Artists.swift */ = {isa = PBXFileReference; lastKnownFileType = sourcecode.swift; path = Artists.swift; sourceTree = "<group>"; };
		B7D498A22D8B62B7007DC1D7 /* ArtistDirectoryViewModel.swift */ = {isa = PBXFileReference; lastKnownFileType = sourcecode.swift; path = ArtistDirectoryViewModel.swift; sourceTree = "<group>"; };
		B7D498A42D8B62ED007DC1D7 /* ArtistDirectoryView.swift */ = {isa = PBXFileReference; lastKnownFileType = sourcecode.swift; path = ArtistDirectoryView.swift; sourceTree = "<group>"; };
		B7F7FF5A2D8DEB6500DB3098 /* Info.plist */ = {isa = PBXFileReference; lastKnownFileType = text.plist; path = Info.plist; sourceTree = "<group>"; };
		B7F7FF5B2D8DED7800DB3098 /* Font Awesome 6 Brands-Regular-400.otf */ = {isa = PBXFileReference; lastKnownFileType = file; path = "Font Awesome 6 Brands-Regular-400.otf"; sourceTree = "<group>"; };
		B7F7FF5D2D8DF49E00DB3098 /* Font Awesome 6 Free-Regular-400.otf */ = {isa = PBXFileReference; lastKnownFileType = file; path = "Font Awesome 6 Free-Regular-400.otf"; sourceTree = "<group>"; };
		B7F7FF5E2D8DF49E00DB3098 /* Font Awesome 6 Free-Solid-900.otf */ = {isa = PBXFileReference; lastKnownFileType = file; path = "Font Awesome 6 Free-Solid-900.otf"; sourceTree = "<group>"; };
		B7F7FF632D91056000DB3098 /* EventsView.swift */ = {isa = PBXFileReference; lastKnownFileType = sourcecode.swift; path = EventsView.swift; sourceTree = "<group>"; };
		B7F7FF652D91090200DB3098 /* MainTabView.swift */ = {isa = PBXFileReference; lastKnownFileType = sourcecode.swift; path = MainTabView.swift; sourceTree = "<group>"; };
		B7F7FF672D911FAB00DB3098 /* Event.swift */ = {isa = PBXFileReference; lastKnownFileType = sourcecode.swift; path = Event.swift; sourceTree = "<group>"; };
		B7F7FF6B2D9120D300DB3098 /* Venue.swift */ = {isa = PBXFileReference; lastKnownFileType = sourcecode.swift; path = Venue.swift; sourceTree = "<group>"; };
		B7F7FF6D2D9122D900DB3098 /* EventUpdate.swift */ = {isa = PBXFileReference; lastKnownFileType = sourcecode.swift; path = EventUpdate.swift; sourceTree = "<group>"; };
		B7F7FF6F2D91233600DB3098 /* EventsViewModel.swift */ = {isa = PBXFileReference; lastKnownFileType = sourcecode.swift; path = EventsViewModel.swift; sourceTree = "<group>"; };
		B7F7FF732D91256300DB3098 /* EventDetailView.swift */ = {isa = PBXFileReference; lastKnownFileType = sourcecode.swift; path = EventDetailView.swift; sourceTree = "<group>"; };
		B7F7FF752D92014500DB3098 /* Promoter.swift */ = {isa = PBXFileReference; lastKnownFileType = sourcecode.swift; path = Promoter.swift; sourceTree = "<group>"; };
		C31F85AE6261102A2759DFC9 /* Pods-rarelygroovyTests.release.xcconfig */ = {isa = PBXFileReference; includeInIndex = 1; lastKnownFileType = text.xcconfig; name = "Pods-rarelygroovyTests.release.xcconfig"; path = "Target Support Files/Pods-rarelygroovyTests/Pods-rarelygroovyTests.release.xcconfig"; sourceTree = "<group>"; };
		D8ACC3A677279F5E0678E159 /* Pods-rarelygroovy.debug.xcconfig */ = {isa = PBXFileReference; includeInIndex = 1; lastKnownFileType = text.xcconfig; name = "Pods-rarelygroovy.debug.xcconfig"; path = "Target Support Files/Pods-rarelygroovy/Pods-rarelygroovy.debug.xcconfig"; sourceTree = "<group>"; };
		E18F05E82C4305A8D7C6E39A /* Pods-rarelygroovyTests.debug.xcconfig */ = {isa = PBXFileReference; includeInIndex = 1; lastKnownFileType = text.xcconfig; name = "Pods-rarelygroovyTests.debug.xcconfig"; path = "Target Support Files/Pods-rarelygroovyTests/Pods-rarelygroovyTests.debug.xcconfig"; sourceTree = "<group>"; };
		ECC71769AB50DAC9C9635B35 /* Pods-rarelygroovy.release.xcconfig */ = {isa = PBXFileReference; includeInIndex = 1; lastKnownFileType = text.xcconfig; name = "Pods-rarelygroovy.release.xcconfig"; path = "Target Support Files/Pods-rarelygroovy/Pods-rarelygroovy.release.xcconfig"; sourceTree = "<group>"; };
		FCF9BA9637E5F08706A0BDAE /* Pods-rarelygroovy-rarelygroovyUITests.release.xcconfig */ = {isa = PBXFileReference; includeInIndex = 1; lastKnownFileType = text.xcconfig; name = "Pods-rarelygroovy-rarelygroovyUITests.release.xcconfig"; path = "Target Support Files/Pods-rarelygroovy-rarelygroovyUITests/Pods-rarelygroovy-rarelygroovyUITests.release.xcconfig"; sourceTree = "<group>"; };
/* End PBXFileReference section */

/* Begin PBXFrameworksBuildPhase section */
		B7D4986E2D8A3481007DC1D7 /* Frameworks */ = {
			isa = PBXFrameworksBuildPhase;
			buildActionMask = 2147483647;
			files = (
				6078A81FA3B2A7B7538BC537 /* Pods_rarelygroovy.framework in Frameworks */,
				B7918DDC2DAEF2A2009CAFF2 /* StoreKit.framework in Frameworks */,
			);
			runOnlyForDeploymentPostprocessing = 0;
		};
		B7D4987E2D8A3484007DC1D7 /* Frameworks */ = {
			isa = PBXFrameworksBuildPhase;
			buildActionMask = 2147483647;
			files = (
				BC351C834E8C20652059A099 /* Pods_rarelygroovyTests.framework in Frameworks */,
			);
			runOnlyForDeploymentPostprocessing = 0;
		};
		B7D498882D8A3484007DC1D7 /* Frameworks */ = {
			isa = PBXFrameworksBuildPhase;
			buildActionMask = 2147483647;
			files = (
				1BFB1EE5CC854523236F6748 /* Pods_rarelygroovy_rarelygroovyUITests.framework in Frameworks */,
			);
			runOnlyForDeploymentPostprocessing = 0;
		};
/* End PBXFrameworksBuildPhase section */

/* Begin PBXGroup section */
		58AFD35E68E1B909D19CFFE7 /* Frameworks */ = {
			isa = PBXGroup;
			children = (
				B7918DDB2DAEF2A2009CAFF2 /* StoreKit.framework */,
				282C4786A73BB88BB6CB7208 /* Pods_rarelygroovy.framework */,
				8C5EBA4BEB7AE8B2192171C9 /* Pods_rarelygroovy_rarelygroovyUITests.framework */,
				5EDB97BA522C156B08BD705F /* Pods_rarelygroovyTests.framework */,
			);
			name = Frameworks;
			sourceTree = "<group>";
		};
		B7D498682D8A3481007DC1D7 = {
			isa = PBXGroup;
			children = (
				B7261FE72D8CCCC600AD7DD0 /* Info.plist */,
				B7F7FF5D2D8DF49E00DB3098 /* Font Awesome 6 Free-Regular-400.otf */,
				B7F7FF5E2D8DF49E00DB3098 /* Font Awesome 6 Free-Solid-900.otf */,
				B7F7FF5B2D8DED7800DB3098 /* Font Awesome 6 Brands-Regular-400.otf */,
				B7261FE52D8CCA0000AD7DD0 /* Font Awesome 5 Brands-Regular-400.otf */,
				B7D498732D8A3481007DC1D7 /* rarelygroovy */,
				B7D498842D8A3484007DC1D7 /* rarelygroovyTests */,
				B7D4988E2D8A3484007DC1D7 /* rarelygroovyUITests */,
				B7D498722D8A3481007DC1D7 /* Products */,
				BAC3020B869E1B7572968ED4 /* Pods */,
				58AFD35E68E1B909D19CFFE7 /* Frameworks */,
			);
			sourceTree = "<group>";
		};
		B7D498722D8A3481007DC1D7 /* Products */ = {
			isa = PBXGroup;
			children = (
				B7D498712D8A3481007DC1D7 /* rarelygroovy.app */,
				B7D498812D8A3484007DC1D7 /* rarelygroovyTests.xctest */,
				B7D4988B2D8A3484007DC1D7 /* rarelygroovyUITests.xctest */,
			);
			name = Products;
			sourceTree = "<group>";
		};
		B7D498732D8A3481007DC1D7 /* rarelygroovy */ = {
			isa = PBXGroup;
			children = (
				B7918DDA2DAD6009009CAFF2 /* rarelygroovy.entitlements */,
				B7F7FF5A2D8DEB6500DB3098 /* Info.plist */,
				B7D498A42D8B62ED007DC1D7 /* ArtistDirectoryView.swift */,
				B7D498A22D8B62B7007DC1D7 /* ArtistDirectoryViewModel.swift */,
				B7D498742D8A3482007DC1D7 /* rarelygroovyApp.swift */,
				B7D498762D8A3482007DC1D7 /* ContentView.swift */,
				B7D498782D8A3484007DC1D7 /* Assets.xcassets */,
				B7D4987A2D8A3484007DC1D7 /* Preview Content */,
				B7D4989E2D8A3765007DC1D7 /* Artists.swift */,
				B7261FE32D8CC5DD00AD7DD0 /* iconTest.swift */,
				B7F7FF632D91056000DB3098 /* EventsView.swift */,
				B7F7FF652D91090200DB3098 /* MainTabView.swift */,
				B7F7FF672D911FAB00DB3098 /* Event.swift */,
				B7F7FF6B2D9120D300DB3098 /* Venue.swift */,
				B7F7FF6D2D9122D900DB3098 /* EventUpdate.swift */,
				B7F7FF6F2D91233600DB3098 /* EventsViewModel.swift */,
				B7F7FF732D91256300DB3098 /* EventDetailView.swift */,
				B7F7FF752D92014500DB3098 /* Promoter.swift */,
				B71DEC932D99BD3F00B468FA /* LoginView.swift */,
				B71DEC972D99BD9700B468FA /* ProfileView.swift */,
				B71DEC992D99C2ED00B468FA /* AuthManager.swift */,
				B71DEC9B2D9A03C200B468FA /* CustomTabBarController.swift */,
				B71DEC9F2D9CA93900B468FA /* SignUpView.swift */,
				B71DECA12D9F14B300B468FA /* AddEventView.swift */,
				B7918DDD2DAEF894009CAFF2 /* Store.swift */,
				B74DD89D2DAFF82900B09433 /* Rarelygroovy.storekit */,
			);
			path = rarelygroovy;
			sourceTree = "<group>";
		};
		B7D4987A2D8A3484007DC1D7 /* Preview Content */ = {
			isa = PBXGroup;
			children = (
				B7D4987B2D8A3484007DC1D7 /* Preview Assets.xcassets */,
			);
			path = "Preview Content";
			sourceTree = "<group>";
		};
		B7D498842D8A3484007DC1D7 /* rarelygroovyTests */ = {
			isa = PBXGroup;
			children = (
				B7D498852D8A3484007DC1D7 /* rarelygroovyTests.swift */,
			);
			path = rarelygroovyTests;
			sourceTree = "<group>";
		};
		B7D4988E2D8A3484007DC1D7 /* rarelygroovyUITests */ = {
			isa = PBXGroup;
			children = (
				B7D4988F2D8A3484007DC1D7 /* rarelygroovyUITests.swift */,
				B7D498912D8A3484007DC1D7 /* rarelygroovyUITestsLaunchTests.swift */,
			);
			path = rarelygroovyUITests;
			sourceTree = "<group>";
		};
		BAC3020B869E1B7572968ED4 /* Pods */ = {
			isa = PBXGroup;
			children = (
				D8ACC3A677279F5E0678E159 /* Pods-rarelygroovy.debug.xcconfig */,
				ECC71769AB50DAC9C9635B35 /* Pods-rarelygroovy.release.xcconfig */,
				828614C38D985ECCC76D7634 /* Pods-rarelygroovy-rarelygroovyUITests.debug.xcconfig */,
				FCF9BA9637E5F08706A0BDAE /* Pods-rarelygroovy-rarelygroovyUITests.release.xcconfig */,
				E18F05E82C4305A8D7C6E39A /* Pods-rarelygroovyTests.debug.xcconfig */,
				C31F85AE6261102A2759DFC9 /* Pods-rarelygroovyTests.release.xcconfig */,
			);
			path = Pods;
			sourceTree = "<group>";
		};
/* End PBXGroup section */

/* Begin PBXNativeTarget section */
		B7D498702D8A3481007DC1D7 /* rarelygroovy */ = {
			isa = PBXNativeTarget;
			buildConfigurationList = B7D498952D8A3484007DC1D7 /* Build configuration list for PBXNativeTarget "rarelygroovy" */;
			buildPhases = (
				202A55DFE26D408BA5EDAE2C /* [CP] Check Pods Manifest.lock */,
				B7D4986D2D8A3481007DC1D7 /* Sources */,
				B7D4986E2D8A3481007DC1D7 /* Frameworks */,
				B7D4986F2D8A3481007DC1D7 /* Resources */,
				D29B50CF51B917A268EBE3F2 /* [CP] Embed Pods Frameworks */,
			);
			buildRules = (
			);
			dependencies = (
			);
			name = rarelygroovy;
			productName = rarelygroovy;
			productReference = B7D498712D8A3481007DC1D7 /* rarelygroovy.app */;
			productType = "com.apple.product-type.application";
		};
		B7D498802D8A3484007DC1D7 /* rarelygroovyTests */ = {
			isa = PBXNativeTarget;
			buildConfigurationList = B7D498982D8A3484007DC1D7 /* Build configuration list for PBXNativeTarget "rarelygroovyTests" */;
			buildPhases = (
				37E7DAB842B3CC1E536274DF /* [CP] Check Pods Manifest.lock */,
				B7D4987D2D8A3484007DC1D7 /* Sources */,
				B7D4987E2D8A3484007DC1D7 /* Frameworks */,
				B7D4987F2D8A3484007DC1D7 /* Resources */,
			);
			buildRules = (
			);
			dependencies = (
				B7D498832D8A3484007DC1D7 /* PBXTargetDependency */,
			);
			name = rarelygroovyTests;
			productName = rarelygroovyTests;
			productReference = B7D498812D8A3484007DC1D7 /* rarelygroovyTests.xctest */;
			productType = "com.apple.product-type.bundle.unit-test";
		};
		B7D4988A2D8A3484007DC1D7 /* rarelygroovyUITests */ = {
			isa = PBXNativeTarget;
			buildConfigurationList = B7D4989B2D8A3484007DC1D7 /* Build configuration list for PBXNativeTarget "rarelygroovyUITests" */;
			buildPhases = (
				C8E58EBEAB41493782AA4FDB /* [CP] Check Pods Manifest.lock */,
				B7D498872D8A3484007DC1D7 /* Sources */,
				B7D498882D8A3484007DC1D7 /* Frameworks */,
				B7D498892D8A3484007DC1D7 /* Resources */,
				67710DA94B0F42A8579CA2E3 /* [CP] Embed Pods Frameworks */,
			);
			buildRules = (
			);
			dependencies = (
				B7D4988D2D8A3484007DC1D7 /* PBXTargetDependency */,
			);
			name = rarelygroovyUITests;
			productName = rarelygroovyUITests;
			productReference = B7D4988B2D8A3484007DC1D7 /* rarelygroovyUITests.xctest */;
			productType = "com.apple.product-type.bundle.ui-testing";
		};
/* End PBXNativeTarget section */

/* Begin PBXProject section */
		B7D498692D8A3481007DC1D7 /* Project object */ = {
			isa = PBXProject;
			attributes = {
				BuildIndependentTargetsInParallel = 1;
				LastSwiftUpdateCheck = 1540;
				LastUpgradeCheck = 1630;
				TargetAttributes = {
					B7D498702D8A3481007DC1D7 = {
						CreatedOnToolsVersion = 15.4;
					};
					B7D498802D8A3484007DC1D7 = {
						CreatedOnToolsVersion = 15.4;
						TestTargetID = B7D498702D8A3481007DC1D7;
					};
					B7D4988A2D8A3484007DC1D7 = {
						CreatedOnToolsVersion = 15.4;
						TestTargetID = B7D498702D8A3481007DC1D7;
					};
				};
			};
			buildConfigurationList = B7D4986C2D8A3481007DC1D7 /* Build configuration list for PBXProject "rarelygroovy" */;
			compatibilityVersion = "Xcode 14.0";
			developmentRegion = en;
			hasScannedForEncodings = 0;
			knownRegions = (
				en,
				Base,
			);
			mainGroup = B7D498682D8A3481007DC1D7;
			productRefGroup = B7D498722D8A3481007DC1D7 /* Products */;
			projectDirPath = "";
			projectRoot = "";
			targets = (
				B7D498702D8A3481007DC1D7 /* rarelygroovy */,
				B7D498802D8A3484007DC1D7 /* rarelygroovyTests */,
				B7D4988A2D8A3484007DC1D7 /* rarelygroovyUITests */,
			);
		};
/* End PBXProject section */

/* Begin PBXResourcesBuildPhase section */
		B7D4986F2D8A3481007DC1D7 /* Resources */ = {
			isa = PBXResourcesBuildPhase;
			buildActionMask = 2147483647;
			files = (
				B7F7FF602D8DF49E00DB3098 /* Font Awesome 6 Free-Solid-900.otf in Resources */,
				B7F7FF5F2D8DF49E00DB3098 /* Font Awesome 6 Free-Regular-400.otf in Resources */,
				B74DD89E2DAFF82900B09433 /* Rarelygroovy.storekit in Resources */,
				B7F7FF5C2D8DF46600DB3098 /* Font Awesome 6 Brands-Regular-400.otf in Resources */,
				B7D4987C2D8A3484007DC1D7 /* Preview Assets.xcassets in Resources */,
				B7261FE62D8CCA0000AD7DD0 /* Font Awesome 5 Brands-Regular-400.otf in Resources */,
				B7D498792D8A3484007DC1D7 /* Assets.xcassets in Resources */,
			);
			runOnlyForDeploymentPostprocessing = 0;
		};
		B7D4987F2D8A3484007DC1D7 /* Resources */ = {
			isa = PBXResourcesBuildPhase;
			buildActionMask = 2147483647;
			files = (
			);
			runOnlyForDeploymentPostprocessing = 0;
		};
		B7D498892D8A3484007DC1D7 /* Resources */ = {
			isa = PBXResourcesBuildPhase;
			buildActionMask = 2147483647;
			files = (
			);
			runOnlyForDeploymentPostprocessing = 0;
		};
/* End PBXResourcesBuildPhase section */

/* Begin PBXShellScriptBuildPhase section */
		202A55DFE26D408BA5EDAE2C /* [CP] Check Pods Manifest.lock */ = {
			isa = PBXShellScriptBuildPhase;
			buildActionMask = 2147483647;
			files = (
			);
			inputFileListPaths = (
			);
			inputPaths = (
				"${PODS_PODFILE_DIR_PATH}/Podfile.lock",
				"${PODS_ROOT}/Manifest.lock",
			);
			name = "[CP] Check Pods Manifest.lock";
			outputFileListPaths = (
			);
			outputPaths = (
				"$(DERIVED_FILE_DIR)/Pods-rarelygroovy-checkManifestLockResult.txt",
			);
			runOnlyForDeploymentPostprocessing = 0;
			shellPath = /bin/sh;
			shellScript = "diff \"${PODS_PODFILE_DIR_PATH}/Podfile.lock\" \"${PODS_ROOT}/Manifest.lock\" > /dev/null\nif [ $? != 0 ] ; then\n    # print error to STDERR\n    echo \"error: The sandbox is not in sync with the Podfile.lock. Run 'pod install' or update your CocoaPods installation.\" >&2\n    exit 1\nfi\n# This output is used by Xcode 'outputs' to avoid re-running this script phase.\necho \"SUCCESS\" > \"${SCRIPT_OUTPUT_FILE_0}\"\n";
			showEnvVarsInLog = 0;
		};
		37E7DAB842B3CC1E536274DF /* [CP] Check Pods Manifest.lock */ = {
			isa = PBXShellScriptBuildPhase;
			buildActionMask = 2147483647;
			files = (
			);
			inputFileListPaths = (
			);
			inputPaths = (
				"${PODS_PODFILE_DIR_PATH}/Podfile.lock",
				"${PODS_ROOT}/Manifest.lock",
			);
			name = "[CP] Check Pods Manifest.lock";
			outputFileListPaths = (
			);
			outputPaths = (
				"$(DERIVED_FILE_DIR)/Pods-rarelygroovyTests-checkManifestLockResult.txt",
			);
			runOnlyForDeploymentPostprocessing = 0;
			shellPath = /bin/sh;
			shellScript = "diff \"${PODS_PODFILE_DIR_PATH}/Podfile.lock\" \"${PODS_ROOT}/Manifest.lock\" > /dev/null\nif [ $? != 0 ] ; then\n    # print error to STDERR\n    echo \"error: The sandbox is not in sync with the Podfile.lock. Run 'pod install' or update your CocoaPods installation.\" >&2\n    exit 1\nfi\n# This output is used by Xcode 'outputs' to avoid re-running this script phase.\necho \"SUCCESS\" > \"${SCRIPT_OUTPUT_FILE_0}\"\n";
			showEnvVarsInLog = 0;
		};
		67710DA94B0F42A8579CA2E3 /* [CP] Embed Pods Frameworks */ = {
			isa = PBXShellScriptBuildPhase;
			buildActionMask = 2147483647;
			files = (
			);
			inputFileListPaths = (
				"${PODS_ROOT}/Target Support Files/Pods-rarelygroovy-rarelygroovyUITests/Pods-rarelygroovy-rarelygroovyUITests-frameworks-${CONFIGURATION}-input-files.xcfilelist",
			);
			inputPaths = (
			);
			name = "[CP] Embed Pods Frameworks";
			outputFileListPaths = (
				"${PODS_ROOT}/Target Support Files/Pods-rarelygroovy-rarelygroovyUITests/Pods-rarelygroovy-rarelygroovyUITests-frameworks-${CONFIGURATION}-output-files.xcfilelist",
			);
			outputPaths = (
			);
			runOnlyForDeploymentPostprocessing = 0;
			shellPath = /bin/sh;
			shellScript = "\"${PODS_ROOT}/Target Support Files/Pods-rarelygroovy-rarelygroovyUITests/Pods-rarelygroovy-rarelygroovyUITests-frameworks.sh\"\n";
			showEnvVarsInLog = 0;
		};
		C8E58EBEAB41493782AA4FDB /* [CP] Check Pods Manifest.lock */ = {
			isa = PBXShellScriptBuildPhase;
			buildActionMask = 2147483647;
			files = (
			);
			inputFileListPaths = (
			);
			inputPaths = (
				"${PODS_PODFILE_DIR_PATH}/Podfile.lock",
				"${PODS_ROOT}/Manifest.lock",
			);
			name = "[CP] Check Pods Manifest.lock";
			outputFileListPaths = (
			);
			outputPaths = (
				"$(DERIVED_FILE_DIR)/Pods-rarelygroovy-rarelygroovyUITests-checkManifestLockResult.txt",
			);
			runOnlyForDeploymentPostprocessing = 0;
			shellPath = /bin/sh;
			shellScript = "diff \"${PODS_PODFILE_DIR_PATH}/Podfile.lock\" \"${PODS_ROOT}/Manifest.lock\" > /dev/null\nif [ $? != 0 ] ; then\n    # print error to STDERR\n    echo \"error: The sandbox is not in sync with the Podfile.lock. Run 'pod install' or update your CocoaPods installation.\" >&2\n    exit 1\nfi\n# This output is used by Xcode 'outputs' to avoid re-running this script phase.\necho \"SUCCESS\" > \"${SCRIPT_OUTPUT_FILE_0}\"\n";
			showEnvVarsInLog = 0;
		};
		D29B50CF51B917A268EBE3F2 /* [CP] Embed Pods Frameworks */ = {
			isa = PBXShellScriptBuildPhase;
			buildActionMask = 2147483647;
			files = (
			);
			inputFileListPaths = (
				"${PODS_ROOT}/Target Support Files/Pods-rarelygroovy/Pods-rarelygroovy-frameworks-${CONFIGURATION}-input-files.xcfilelist",
			);
			inputPaths = (
			);
			name = "[CP] Embed Pods Frameworks";
			outputFileListPaths = (
				"${PODS_ROOT}/Target Support Files/Pods-rarelygroovy/Pods-rarelygroovy-frameworks-${CONFIGURATION}-output-files.xcfilelist",
			);
			outputPaths = (
			);
			runOnlyForDeploymentPostprocessing = 0;
			shellPath = /bin/sh;
			shellScript = "\"${PODS_ROOT}/Target Support Files/Pods-rarelygroovy/Pods-rarelygroovy-frameworks.sh\"\n";
			showEnvVarsInLog = 0;
		};
/* End PBXShellScriptBuildPhase section */

/* Begin PBXSourcesBuildPhase section */
		B7D4986D2D8A3481007DC1D7 /* Sources */ = {
			isa = PBXSourcesBuildPhase;
			buildActionMask = 2147483647;
			files = (
				B7918DDE2DAEF894009CAFF2 /* Store.swift in Sources */,
				B7261FE42D8CC5DE00AD7DD0 /* iconTest.swift in Sources */,
				B7F7FF742D91256300DB3098 /* EventDetailView.swift in Sources */,
				B7F7FF6C2D9120D300DB3098 /* Venue.swift in Sources */,
				B71DEC942D99BD3F00B468FA /* LoginView.swift in Sources */,
				B7F7FF682D911FAB00DB3098 /* Event.swift in Sources */,
				B71DECA02D9CA93900B468FA /* SignUpView.swift in Sources */,
				B7D498772D8A3482007DC1D7 /* ContentView.swift in Sources */,
				B7F7FF642D91056000DB3098 /* EventsView.swift in Sources */,
				B71DEC9A2D99C2ED00B468FA /* AuthManager.swift in Sources */,
				B71DEC9C2D9A03C200B468FA /* CustomTabBarController.swift in Sources */,
				B7F7FF662D91090300DB3098 /* MainTabView.swift in Sources */,
				B71DEC982D99BD9700B468FA /* ProfileView.swift in Sources */,
				B7F7FF762D92014500DB3098 /* Promoter.swift in Sources */,
				B7D498A32D8B62B7007DC1D7 /* ArtistDirectoryViewModel.swift in Sources */,
				B7D498752D8A3482007DC1D7 /* rarelygroovyApp.swift in Sources */,
				B71DECA22D9F14B300B468FA /* AddEventView.swift in Sources */,
				B7D4989F2D8A3765007DC1D7 /* Artists.swift in Sources */,
				B7F7FF702D91233600DB3098 /* EventsViewModel.swift in Sources */,
				B7D498A52D8B62ED007DC1D7 /* ArtistDirectoryView.swift in Sources */,
				B7F7FF6E2D9122D900DB3098 /* EventUpdate.swift in Sources */,
			);
			runOnlyForDeploymentPostprocessing = 0;
		};
		B7D4987D2D8A3484007DC1D7 /* Sources */ = {
			isa = PBXSourcesBuildPhase;
			buildActionMask = 2147483647;
			files = (
				B7D498862D8A3484007DC1D7 /* rarelygroovyTests.swift in Sources */,
			);
			runOnlyForDeploymentPostprocessing = 0;
		};
		B7D498872D8A3484007DC1D7 /* Sources */ = {
			isa = PBXSourcesBuildPhase;
			buildActionMask = 2147483647;
			files = (
				B7D498902D8A3484007DC1D7 /* rarelygroovyUITests.swift in Sources */,
				B7D498922D8A3484007DC1D7 /* rarelygroovyUITestsLaunchTests.swift in Sources */,
			);
			runOnlyForDeploymentPostprocessing = 0;
		};
/* End PBXSourcesBuildPhase section */

/* Begin PBXTargetDependency section */
		B7D498832D8A3484007DC1D7 /* PBXTargetDependency */ = {
			isa = PBXTargetDependency;
			target = B7D498702D8A3481007DC1D7 /* rarelygroovy */;
			targetProxy = B7D498822D8A3484007DC1D7 /* PBXContainerItemProxy */;
		};
		B7D4988D2D8A3484007DC1D7 /* PBXTargetDependency */ = {
			isa = PBXTargetDependency;
			target = B7D498702D8A3481007DC1D7 /* rarelygroovy */;
			targetProxy = B7D4988C2D8A3484007DC1D7 /* PBXContainerItemProxy */;
		};
/* End PBXTargetDependency section */

/* Begin XCBuildConfiguration section */
		B7D498932D8A3484007DC1D7 /* Debug */ = {
			isa = XCBuildConfiguration;
			buildSettings = {
				ALWAYS_SEARCH_USER_PATHS = NO;
				ASSETCATALOG_COMPILER_GENERATE_SWIFT_ASSET_SYMBOL_EXTENSIONS = YES;
				CLANG_ANALYZER_NONNULL = YES;
				CLANG_ANALYZER_NUMBER_OBJECT_CONVERSION = YES_AGGRESSIVE;
				CLANG_CXX_LANGUAGE_STANDARD = "gnu++20";
				CLANG_ENABLE_MODULES = YES;
				CLANG_ENABLE_OBJC_ARC = YES;
				CLANG_ENABLE_OBJC_WEAK = YES;
				CLANG_WARN_BLOCK_CAPTURE_AUTORELEASING = YES;
				CLANG_WARN_BOOL_CONVERSION = YES;
				CLANG_WARN_COMMA = YES;
				CLANG_WARN_CONSTANT_CONVERSION = YES;
				CLANG_WARN_DEPRECATED_OBJC_IMPLEMENTATIONS = YES;
				CLANG_WARN_DIRECT_OBJC_ISA_USAGE = YES_ERROR;
				CLANG_WARN_DOCUMENTATION_COMMENTS = YES;
				CLANG_WARN_EMPTY_BODY = YES;
				CLANG_WARN_ENUM_CONVERSION = YES;
				CLANG_WARN_INFINITE_RECURSION = YES;
				CLANG_WARN_INT_CONVERSION = YES;
				CLANG_WARN_NON_LITERAL_NULL_CONVERSION = YES;
				CLANG_WARN_OBJC_IMPLICIT_RETAIN_SELF = YES;
				CLANG_WARN_OBJC_LITERAL_CONVERSION = YES;
				CLANG_WARN_OBJC_ROOT_CLASS = YES_ERROR;
				CLANG_WARN_QUOTED_INCLUDE_IN_FRAMEWORK_HEADER = YES;
				CLANG_WARN_RANGE_LOOP_ANALYSIS = YES;
				CLANG_WARN_STRICT_PROTOTYPES = YES;
				CLANG_WARN_SUSPICIOUS_MOVE = YES;
				CLANG_WARN_UNGUARDED_AVAILABILITY = YES_AGGRESSIVE;
				CLANG_WARN_UNREACHABLE_CODE = YES;
				CLANG_WARN__DUPLICATE_METHOD_MATCH = YES;
				COPY_PHASE_STRIP = NO;
				DEBUG_INFORMATION_FORMAT = dwarf;
				ENABLE_STRICT_OBJC_MSGSEND = YES;
				ENABLE_TESTABILITY = YES;
				ENABLE_USER_SCRIPT_SANDBOXING = NO;
				GCC_C_LANGUAGE_STANDARD = gnu17;
				GCC_DYNAMIC_NO_PIC = NO;
				GCC_NO_COMMON_BLOCKS = YES;
				GCC_OPTIMIZATION_LEVEL = 0;
				GCC_PREPROCESSOR_DEFINITIONS = (
					"DEBUG=1",
					"$(inherited)",
				);
				GCC_WARN_64_TO_32_BIT_CONVERSION = YES;
				GCC_WARN_ABOUT_RETURN_TYPE = YES_ERROR;
				GCC_WARN_UNDECLARED_SELECTOR = YES;
				GCC_WARN_UNINITIALIZED_AUTOS = YES_AGGRESSIVE;
				GCC_WARN_UNUSED_FUNCTION = YES;
				GCC_WARN_UNUSED_VARIABLE = YES;
				IPHONEOS_DEPLOYMENT_TARGET = 17.5;
				LOCALIZATION_PREFERS_STRING_CATALOGS = YES;
				MTL_ENABLE_DEBUG_INFO = INCLUDE_SOURCE;
				MTL_FAST_MATH = YES;
				ONLY_ACTIVE_ARCH = YES;
				SDKROOT = iphoneos;
				SWIFT_ACTIVE_COMPILATION_CONDITIONS = "DEBUG $(inherited)";
				SWIFT_OPTIMIZATION_LEVEL = "-Onone";
			};
			name = Debug;
		};
		B7D498942D8A3484007DC1D7 /* Release */ = {
			isa = XCBuildConfiguration;
			buildSettings = {
				ALWAYS_SEARCH_USER_PATHS = NO;
				ASSETCATALOG_COMPILER_GENERATE_SWIFT_ASSET_SYMBOL_EXTENSIONS = YES;
				CLANG_ANALYZER_NONNULL = YES;
				CLANG_ANALYZER_NUMBER_OBJECT_CONVERSION = YES_AGGRESSIVE;
				CLANG_CXX_LANGUAGE_STANDARD = "gnu++20";
				CLANG_ENABLE_MODULES = YES;
				CLANG_ENABLE_OBJC_ARC = YES;
				CLANG_ENABLE_OBJC_WEAK = YES;
				CLANG_WARN_BLOCK_CAPTURE_AUTORELEASING = YES;
				CLANG_WARN_BOOL_CONVERSION = YES;
				CLANG_WARN_COMMA = YES;
				CLANG_WARN_CONSTANT_CONVERSION = YES;
				CLANG_WARN_DEPRECATED_OBJC_IMPLEMENTATIONS = YES;
				CLANG_WARN_DIRECT_OBJC_ISA_USAGE = YES_ERROR;
				CLANG_WARN_DOCUMENTATION_COMMENTS = YES;
				CLANG_WARN_EMPTY_BODY = YES;
				CLANG_WARN_ENUM_CONVERSION = YES;
				CLANG_WARN_INFINITE_RECURSION = YES;
				CLANG_WARN_INT_CONVERSION = YES;
				CLANG_WARN_NON_LITERAL_NULL_CONVERSION = YES;
				CLANG_WARN_OBJC_IMPLICIT_RETAIN_SELF = YES;
				CLANG_WARN_OBJC_LITERAL_CONVERSION = YES;
				CLANG_WARN_OBJC_ROOT_CLASS = YES_ERROR;
				CLANG_WARN_QUOTED_INCLUDE_IN_FRAMEWORK_HEADER = YES;
				CLANG_WARN_RANGE_LOOP_ANALYSIS = YES;
				CLANG_WARN_STRICT_PROTOTYPES = YES;
				CLANG_WARN_SUSPICIOUS_MOVE = YES;
				CLANG_WARN_UNGUARDED_AVAILABILITY = YES_AGGRESSIVE;
				CLANG_WARN_UNREACHABLE_CODE = YES;
				CLANG_WARN__DUPLICATE_METHOD_MATCH = YES;
				COPY_PHASE_STRIP = NO;
				DEBUG_INFORMATION_FORMAT = "dwarf-with-dsym";
				ENABLE_NS_ASSERTIONS = NO;
				ENABLE_STRICT_OBJC_MSGSEND = YES;
				ENABLE_USER_SCRIPT_SANDBOXING = NO;
				GCC_C_LANGUAGE_STANDARD = gnu17;
				GCC_NO_COMMON_BLOCKS = YES;
				GCC_WARN_64_TO_32_BIT_CONVERSION = YES;
				GCC_WARN_ABOUT_RETURN_TYPE = YES_ERROR;
				GCC_WARN_UNDECLARED_SELECTOR = YES;
				GCC_WARN_UNINITIALIZED_AUTOS = YES_AGGRESSIVE;
				GCC_WARN_UNUSED_FUNCTION = YES;
				GCC_WARN_UNUSED_VARIABLE = YES;
				IPHONEOS_DEPLOYMENT_TARGET = 17.5;
				LOCALIZATION_PREFERS_STRING_CATALOGS = YES;
				MTL_ENABLE_DEBUG_INFO = NO;
				MTL_FAST_MATH = YES;
				SDKROOT = iphoneos;
				SWIFT_COMPILATION_MODE = wholemodule;
				VALIDATE_PRODUCT = YES;
			};
			name = Release;
		};
		B7D498962D8A3484007DC1D7 /* Debug */ = {
			isa = XCBuildConfiguration;
			baseConfigurationReference = D8ACC3A677279F5E0678E159 /* Pods-rarelygroovy.debug.xcconfig */;
			buildSettings = {
				ASSETCATALOG_COMPILER_APPICON_NAME = AppIcon;
				ASSETCATALOG_COMPILER_GLOBAL_ACCENT_COLOR_NAME = AccentColor;
				ASSETCATALOG_COMPILER_INCLUDE_ALL_APPICON_ASSETS = NO;
				CODE_SIGN_ENTITLEMENTS = rarelygroovy/rarelygroovy.entitlements;
				CODE_SIGN_STYLE = Automatic;
				CURRENT_PROJECT_VERSION = 157;
				DEVELOPMENT_ASSET_PATHS = "\"rarelygroovy/Preview Content\"";
				DEVELOPMENT_TEAM = 9S77TZUXU6;
				ENABLE_PREVIEWS = YES;
				GENERATE_INFOPLIST_FILE = YES;
				INFOPLIST_FILE = rarelygroovy/Info.plist;
				INFOPLIST_KEY_UIApplicationSceneManifest_Generation = YES;
				INFOPLIST_KEY_UIApplicationSupportsIndirectInputEvents = YES;
				INFOPLIST_KEY_UILaunchScreen_Generation = YES;
				INFOPLIST_KEY_UILaunchStoryboardName = "";
				INFOPLIST_KEY_UISupportedInterfaceOrientations_iPad = "UIInterfaceOrientationPortrait UIInterfaceOrientationPortraitUpsideDown UIInterfaceOrientationLandscapeLeft UIInterfaceOrientationLandscapeRight";
				INFOPLIST_KEY_UISupportedInterfaceOrientations_iPhone = "UIInterfaceOrientationPortrait UIInterfaceOrientationLandscapeLeft UIInterfaceOrientationLandscapeRight";
				IPHONEOS_DEPLOYMENT_TARGET = 17.5;
				LD_RUNPATH_SEARCH_PATHS = (
					"$(inherited)",
					"@executable_path/Frameworks",
				);
				MARKETING_VERSION = 1.4.4;
				PRODUCT_BUNDLE_IDENTIFIER = saltyairsystems.rarelygroovy;
				PRODUCT_NAME = "$(TARGET_NAME)";
				SWIFT_EMIT_LOC_STRINGS = YES;
				SWIFT_VERSION = 5.0;
				TARGETED_DEVICE_FAMILY = "1,2";
			};
			name = Debug;
		};
		B7D498972D8A3484007DC1D7 /* Release */ = {
			isa = XCBuildConfiguration;
			baseConfigurationReference = ECC71769AB50DAC9C9635B35 /* Pods-rarelygroovy.release.xcconfig */;
			buildSettings = {
				ASSETCATALOG_COMPILER_APPICON_NAME = AppIcon;
				ASSETCATALOG_COMPILER_GLOBAL_ACCENT_COLOR_NAME = AccentColor;
				ASSETCATALOG_COMPILER_INCLUDE_ALL_APPICON_ASSETS = NO;
				CODE_SIGN_ENTITLEMENTS = rarelygroovy/rarelygroovy.entitlements;
				CODE_SIGN_STYLE = Automatic;
				CURRENT_PROJECT_VERSION = 157;
				DEVELOPMENT_ASSET_PATHS = "\"rarelygroovy/Preview Content\"";
				DEVELOPMENT_TEAM = 9S77TZUXU6;
				ENABLE_PREVIEWS = YES;
				GENERATE_INFOPLIST_FILE = YES;
				INFOPLIST_FILE = rarelygroovy/Info.plist;
				INFOPLIST_KEY_UIApplicationSceneManifest_Generation = YES;
				INFOPLIST_KEY_UIApplicationSupportsIndirectInputEvents = YES;
				INFOPLIST_KEY_UILaunchScreen_Generation = YES;
				INFOPLIST_KEY_UILaunchStoryboardName = "";
				INFOPLIST_KEY_UISupportedInterfaceOrientations_iPad = "UIInterfaceOrientationPortrait UIInterfaceOrientationPortraitUpsideDown UIInterfaceOrientationLandscapeLeft UIInterfaceOrientationLandscapeRight";
				INFOPLIST_KEY_UISupportedInterfaceOrientations_iPhone = "UIInterfaceOrientationPortrait UIInterfaceOrientationLandscapeLeft UIInterfaceOrientationLandscapeRight";
				IPHONEOS_DEPLOYMENT_TARGET = 17.5;
				LD_RUNPATH_SEARCH_PATHS = (
					"$(inherited)",
					"@executable_path/Frameworks",
				);
				MARKETING_VERSION = 1.4.4;
				PRODUCT_BUNDLE_IDENTIFIER = saltyairsystems.rarelygroovy;
				PRODUCT_NAME = "$(TARGET_NAME)";
				SWIFT_EMIT_LOC_STRINGS = YES;
				SWIFT_VERSION = 5.0;
				TARGETED_DEVICE_FAMILY = "1,2";
			};
			name = Release;
		};
		B7D498992D8A3484007DC1D7 /* Debug */ = {
			isa = XCBuildConfiguration;
			baseConfigurationReference = E18F05E82C4305A8D7C6E39A /* Pods-rarelygroovyTests.debug.xcconfig */;
			buildSettings = {
				BUNDLE_LOADER = "$(TEST_HOST)";
				CODE_SIGN_STYLE = Automatic;
				CURRENT_PROJECT_VERSION = 1;
				GENERATE_INFOPLIST_FILE = YES;
				IPHONEOS_DEPLOYMENT_TARGET = 17.5;
				MARKETING_VERSION = 1.0;
				PRODUCT_BUNDLE_IDENTIFIER = saltyairsystems.rarelygroovyTests;
				PRODUCT_NAME = "$(TARGET_NAME)";
				SWIFT_EMIT_LOC_STRINGS = NO;
				SWIFT_VERSION = 5.0;
				TARGETED_DEVICE_FAMILY = "1,2";
				TEST_HOST = "$(BUILT_PRODUCTS_DIR)/rarelygroovy.app/$(BUNDLE_EXECUTABLE_FOLDER_PATH)/rarelygroovy";
			};
			name = Debug;
		};
		B7D4989A2D8A3484007DC1D7 /* Release */ = {
			isa = XCBuildConfiguration;
			baseConfigurationReference = C31F85AE6261102A2759DFC9 /* Pods-rarelygroovyTests.release.xcconfig */;
			buildSettings = {
				BUNDLE_LOADER = "$(TEST_HOST)";
				CODE_SIGN_STYLE = Automatic;
				CURRENT_PROJECT_VERSION = 1;
				GENERATE_INFOPLIST_FILE = YES;
				IPHONEOS_DEPLOYMENT_TARGET = 17.5;
				MARKETING_VERSION = 1.0;
				PRODUCT_BUNDLE_IDENTIFIER = saltyairsystems.rarelygroovyTests;
				PRODUCT_NAME = "$(TARGET_NAME)";
				SWIFT_EMIT_LOC_STRINGS = NO;
				SWIFT_VERSION = 5.0;
				TARGETED_DEVICE_FAMILY = "1,2";
				TEST_HOST = "$(BUILT_PRODUCTS_DIR)/rarelygroovy.app/$(BUNDLE_EXECUTABLE_FOLDER_PATH)/rarelygroovy";
			};
			name = Release;
		};
		B7D4989C2D8A3484007DC1D7 /* Debug */ = {
			isa = XCBuildConfiguration;
			baseConfigurationReference = 828614C38D985ECCC76D7634 /* Pods-rarelygroovy-rarelygroovyUITests.debug.xcconfig */;
			buildSettings = {
				CODE_SIGN_STYLE = Automatic;
				CURRENT_PROJECT_VERSION = 1;
				GENERATE_INFOPLIST_FILE = YES;
				IPHONEOS_DEPLOYMENT_TARGET = 17.5;
				MARKETING_VERSION = 1.0;
				PRODUCT_BUNDLE_IDENTIFIER = saltyairsystems.rarelygroovyUITests;
				PRODUCT_NAME = "$(TARGET_NAME)";
				SWIFT_EMIT_LOC_STRINGS = NO;
				SWIFT_VERSION = 5.0;
				TARGETED_DEVICE_FAMILY = "1,2";
				TEST_TARGET_NAME = rarelygroovy;
			};
			name = Debug;
		};
		B7D4989D2D8A3484007DC1D7 /* Release */ = {
			isa = XCBuildConfiguration;
			baseConfigurationReference = FCF9BA9637E5F08706A0BDAE /* Pods-rarelygroovy-rarelygroovyUITests.release.xcconfig */;
			buildSettings = {
				CODE_SIGN_STYLE = Automatic;
				CURRENT_PROJECT_VERSION = 1;
				GENERATE_INFOPLIST_FILE = YES;
				IPHONEOS_DEPLOYMENT_TARGET = 17.5;
				MARKETING_VERSION = 1.0;
				PRODUCT_BUNDLE_IDENTIFIER = saltyairsystems.rarelygroovyUITests;
				PRODUCT_NAME = "$(TARGET_NAME)";
				SWIFT_EMIT_LOC_STRINGS = NO;
				SWIFT_VERSION = 5.0;
				TARGETED_DEVICE_FAMILY = "1,2";
				TEST_TARGET_NAME = rarelygroovy;
			};
			name = Release;
		};
/* End XCBuildConfiguration section */

/* Begin XCConfigurationList section */
		B7D4986C2D8A3481007DC1D7 /* Build configuration list for PBXProject "rarelygroovy" */ = {
			isa = XCConfigurationList;
			buildConfigurations = (
				B7D498932D8A3484007DC1D7 /* Debug */,
				B7D498942D8A3484007DC1D7 /* Release */,
			);
			defaultConfigurationIsVisible = 0;
			defaultConfigurationName = Release;
		};
		B7D498952D8A3484007DC1D7 /* Build configuration list for PBXNativeTarget "rarelygroovy" */ = {
			isa = XCConfigurationList;
			buildConfigurations = (
				B7D498962D8A3484007DC1D7 /* Debug */,
				B7D498972D8A3484007DC1D7 /* Release */,
			);
			defaultConfigurationIsVisible = 0;
			defaultConfigurationName = Release;
		};
		B7D498982D8A3484007DC1D7 /* Build configuration list for PBXNativeTarget "rarelygroovyTests" */ = {
			isa = XCConfigurationList;
			buildConfigurations = (
				B7D498992D8A3484007DC1D7 /* Debug */,
				B7D4989A2D8A3484007DC1D7 /* Release */,
			);
			defaultConfigurationIsVisible = 0;
			defaultConfigurationName = Release;
		};
		B7D4989B2D8A3484007DC1D7 /* Build configuration list for PBXNativeTarget "rarelygroovyUITests" */ = {
			isa = XCConfigurationList;
			buildConfigurations = (
				B7D4989C2D8A3484007DC1D7 /* Debug */,
				B7D4989D2D8A3484007DC1D7 /* Release */,
			);
			defaultConfigurationIsVisible = 0;
			defaultConfigurationName = Release;
		};
/* End XCConfigurationList section */
	};
	rootObject = B7D498692D8A3481007DC1D7 /* Project object */;
}
